// !$*UTF8*$!
{
	archiveVersion = 1;
	classes = {
	};
	objectVersion = 50;
	objects = {

/* Begin PBXBuildFile section */
		6932417224F5763900E83EDA /* AppDelegate.swift in Sources */ = {isa = PBXBuildFile; fileRef = 6932417124F5763900E83EDA /* AppDelegate.swift */; };
		6932417424F5763900E83EDA /* SceneDelegate.swift in Sources */ = {isa = PBXBuildFile; fileRef = 6932417324F5763900E83EDA /* SceneDelegate.swift */; };
		6932417624F5763900E83EDA /* ViewController.swift in Sources */ = {isa = PBXBuildFile; fileRef = 6932417524F5763900E83EDA /* ViewController.swift */; };
		6932417924F5763900E83EDA /* Main.storyboard in Resources */ = {isa = PBXBuildFile; fileRef = 6932417724F5763900E83EDA /* Main.storyboard */; };
		6932417B24F5763E00E83EDA /* Assets.xcassets in Resources */ = {isa = PBXBuildFile; fileRef = 6932417A24F5763E00E83EDA /* Assets.xcassets */; };
		6932417E24F5763E00E83EDA /* LaunchScreen.storyboard in Resources */ = {isa = PBXBuildFile; fileRef = 6932417C24F5763E00E83EDA /* LaunchScreen.storyboard */; };
		6932418924F5763F00E83EDA /* ContactListTests.swift in Sources */ = {isa = PBXBuildFile; fileRef = 6932418824F5763F00E83EDA /* ContactListTests.swift */; };
		6932419424F5763F00E83EDA /* ContactListUITests.swift in Sources */ = {isa = PBXBuildFile; fileRef = 6932419324F5763F00E83EDA /* ContactListUITests.swift */; };
		6932506324FB5DD100F7F72B /* PersonTests.swift in Sources */ = {isa = PBXBuildFile; fileRef = 6932506224FB5DD100F7F72B /* PersonTests.swift */; };
		6932506524FB5FCC00F7F72B /* Person.swift in Sources */ = {isa = PBXBuildFile; fileRef = 6932506424FB5FCC00F7F72B /* Person.swift */; };
/* End PBXBuildFile section */

/* Begin PBXContainerItemProxy section */
		6932418524F5763F00E83EDA /* PBXContainerItemProxy */ = {
			isa = PBXContainerItemProxy;
			containerPortal = 6932416624F5763800E83EDA /* Project object */;
			proxyType = 1;
			remoteGlobalIDString = 6932416D24F5763900E83EDA;
			remoteInfo = ContactList;
		};
		6932419024F5763F00E83EDA /* PBXContainerItemProxy */ = {
			isa = PBXContainerItemProxy;
			containerPortal = 6932416624F5763800E83EDA /* Project object */;
			proxyType = 1;
			remoteGlobalIDString = 6932416D24F5763900E83EDA;
			remoteInfo = ContactList;
		};
/* End PBXContainerItemProxy section */

/* Begin PBXFileReference section */
		6932416E24F5763900E83EDA /* ContactList.app */ = {isa = PBXFileReference; explicitFileType = wrapper.application; includeInIndex = 0; path = ContactList.app; sourceTree = BUILT_PRODUCTS_DIR; };
		6932417124F5763900E83EDA /* AppDelegate.swift */ = {isa = PBXFileReference; lastKnownFileType = sourcecode.swift; path = AppDelegate.swift; sourceTree = "<group>"; };
		6932417324F5763900E83EDA /* SceneDelegate.swift */ = {isa = PBXFileReference; lastKnownFileType = sourcecode.swift; path = SceneDelegate.swift; sourceTree = "<group>"; };
		6932417524F5763900E83EDA /* ViewController.swift */ = {isa = PBXFileReference; lastKnownFileType = sourcecode.swift; path = ViewController.swift; sourceTree = "<group>"; };
		6932417824F5763900E83EDA /* Base */ = {isa = PBXFileReference; lastKnownFileType = file.storyboard; name = Base; path = Base.lproj/Main.storyboard; sourceTree = "<group>"; };
		6932417A24F5763E00E83EDA /* Assets.xcassets */ = {isa = PBXFileReference; lastKnownFileType = folder.assetcatalog; path = Assets.xcassets; sourceTree = "<group>"; };
		6932417D24F5763E00E83EDA /* Base */ = {isa = PBXFileReference; lastKnownFileType = file.storyboard; name = Base; path = Base.lproj/LaunchScreen.storyboard; sourceTree = "<group>"; };
		6932417F24F5763E00E83EDA /* Info.plist */ = {isa = PBXFileReference; lastKnownFileType = text.plist.xml; path = Info.plist; sourceTree = "<group>"; };
		6932418424F5763F00E83EDA /* ContactListTests.xctest */ = {isa = PBXFileReference; explicitFileType = wrapper.cfbundle; includeInIndex = 0; path = ContactListTests.xctest; sourceTree = BUILT_PRODUCTS_DIR; };
		6932418824F5763F00E83EDA /* ContactListTests.swift */ = {isa = PBXFileReference; lastKnownFileType = sourcecode.swift; path = ContactListTests.swift; sourceTree = "<group>"; };
		6932418A24F5763F00E83EDA /* Info.plist */ = {isa = PBXFileReference; lastKnownFileType = text.plist.xml; path = Info.plist; sourceTree = "<group>"; };
		6932418F24F5763F00E83EDA /* ContactListUITests.xctest */ = {isa = PBXFileReference; explicitFileType = wrapper.cfbundle; includeInIndex = 0; path = ContactListUITests.xctest; sourceTree = BUILT_PRODUCTS_DIR; };
		6932419324F5763F00E83EDA /* ContactListUITests.swift */ = {isa = PBXFileReference; lastKnownFileType = sourcecode.swift; path = ContactListUITests.swift; sourceTree = "<group>"; };
		6932419524F5763F00E83EDA /* Info.plist */ = {isa = PBXFileReference; lastKnownFileType = text.plist.xml; path = Info.plist; sourceTree = "<group>"; };
		6932506224FB5DD100F7F72B /* PersonTests.swift */ = {isa = PBXFileReference; lastKnownFileType = sourcecode.swift; path = PersonTests.swift; sourceTree = "<group>"; };
		6932506424FB5FCC00F7F72B /* Person.swift */ = {isa = PBXFileReference; lastKnownFileType = sourcecode.swift; path = Person.swift; sourceTree = "<group>"; };
/* End PBXFileReference section */

/* Begin PBXFrameworksBuildPhase section */
		6932416B24F5763900E83EDA /* Frameworks */ = {
			isa = PBXFrameworksBuildPhase;
			buildActionMask = 2147483647;
			files = (
			);
			runOnlyForDeploymentPostprocessing = 0;
		};
		6932418124F5763F00E83EDA /* Frameworks */ = {
			isa = PBXFrameworksBuildPhase;
			buildActionMask = 2147483647;
			files = (
			);
			runOnlyForDeploymentPostprocessing = 0;
		};
		6932418C24F5763F00E83EDA /* Frameworks */ = {
			isa = PBXFrameworksBuildPhase;
			buildActionMask = 2147483647;
			files = (
			);
			runOnlyForDeploymentPostprocessing = 0;
		};
/* End PBXFrameworksBuildPhase section */

/* Begin PBXGroup section */
		6903DED124F579380005BEAE /* Models */ = {
			isa = PBXGroup;
			children = (
				6932506424FB5FCC00F7F72B /* Person.swift */,
			);
			path = Models;
			sourceTree = "<group>";
		};
		6903DED224F5794A0005BEAE /* Storyboards */ = {
			isa = PBXGroup;
			children = (
				6932417724F5763900E83EDA /* Main.storyboard */,
				6932417C24F5763E00E83EDA /* LaunchScreen.storyboard */,
			);
			path = Storyboards;
			sourceTree = "<group>";
		};
		6903DED324F579590005BEAE /* Supports */ = {
			isa = PBXGroup;
			children = (
				6932417124F5763900E83EDA /* AppDelegate.swift */,
				6932417324F5763900E83EDA /* SceneDelegate.swift */,
				6932417F24F5763E00E83EDA /* Info.plist */,
			);
			path = Supports;
			sourceTree = "<group>";
		};
		6903DED424F5796D0005BEAE /* ViewControllers */ = {
			isa = PBXGroup;
			children = (
				6932417524F5763900E83EDA /* ViewController.swift */,
			);
			path = ViewControllers;
			sourceTree = "<group>";
		};
		6903DED524F5797F0005BEAE /* Resources */ = {
			isa = PBXGroup;
			children = (
				6932417A24F5763E00E83EDA /* Assets.xcassets */,
			);
			path = Resources;
			sourceTree = "<group>";
		};
		6903DED624F57A1C0005BEAE /* Supports */ = {
			isa = PBXGroup;
			children = (
				6932418824F5763F00E83EDA /* ContactListTests.swift */,
				6932418A24F5763F00E83EDA /* Info.plist */,
			);
			path = Supports;
			sourceTree = "<group>";
		};
		6903DED724F57A360005BEAE /* Supports */ = {
			isa = PBXGroup;
			children = (
				6932419324F5763F00E83EDA /* ContactListUITests.swift */,
				6932419524F5763F00E83EDA /* Info.plist */,
			);
			path = Supports;
			sourceTree = "<group>";
		};
		6932416524F5763800E83EDA = {
			isa = PBXGroup;
			children = (
				6932417024F5763900E83EDA /* ContactList */,
				6932418724F5763F00E83EDA /* ContactListTests */,
				6932419224F5763F00E83EDA /* ContactListUITests */,
				6932416F24F5763900E83EDA /* Products */,
			);
			sourceTree = "<group>";
		};
		6932416F24F5763900E83EDA /* Products */ = {
			isa = PBXGroup;
			children = (
				6932416E24F5763900E83EDA /* ContactList.app */,
				6932418424F5763F00E83EDA /* ContactListTests.xctest */,
				6932418F24F5763F00E83EDA /* ContactListUITests.xctest */,
			);
			name = Products;
			sourceTree = "<group>";
		};
		6932417024F5763900E83EDA /* ContactList */ = {
			isa = PBXGroup;
			children = (
				6903DED124F579380005BEAE /* Models */,
				6903DED424F5796D0005BEAE /* ViewControllers */,
				6903DED224F5794A0005BEAE /* Storyboards */,
				6903DED524F5797F0005BEAE /* Resources */,
				6903DED324F579590005BEAE /* Supports */,
			);
			path = ContactList;
			sourceTree = "<group>";
		};
		6932418724F5763F00E83EDA /* ContactListTests */ = {
			isa = PBXGroup;
			children = (
				6932506124FB5D9600F7F72B /* Models */,
				6903DED624F57A1C0005BEAE /* Supports */,
			);
			path = ContactListTests;
			sourceTree = "<group>";
		};
		6932419224F5763F00E83EDA /* ContactListUITests */ = {
			isa = PBXGroup;
			children = (
				6903DED724F57A360005BEAE /* Supports */,
			);
			path = ContactListUITests;
			sourceTree = "<group>";
		};
		6932506124FB5D9600F7F72B /* Models */ = {
			isa = PBXGroup;
			children = (
				6932506224FB5DD100F7F72B /* PersonTests.swift */,
			);
			path = Models;
			sourceTree = "<group>";
		};
/* End PBXGroup section */

/* Begin PBXNativeTarget section */
		6932416D24F5763900E83EDA /* ContactList */ = {
			isa = PBXNativeTarget;
			buildConfigurationList = 6932419824F5763F00E83EDA /* Build configuration list for PBXNativeTarget "ContactList" */;
			buildPhases = (
				6932416A24F5763900E83EDA /* Sources */,
				6932416B24F5763900E83EDA /* Frameworks */,
				6932416C24F5763900E83EDA /* Resources */,
			);
			buildRules = (
			);
			dependencies = (
			);
			name = ContactList;
			productName = ContactList;
			productReference = 6932416E24F5763900E83EDA /* ContactList.app */;
			productType = "com.apple.product-type.application";
		};
		6932418324F5763F00E83EDA /* ContactListTests */ = {
			isa = PBXNativeTarget;
			buildConfigurationList = 6932419B24F5763F00E83EDA /* Build configuration list for PBXNativeTarget "ContactListTests" */;
			buildPhases = (
				6932418024F5763F00E83EDA /* Sources */,
				6932418124F5763F00E83EDA /* Frameworks */,
				6932418224F5763F00E83EDA /* Resources */,
			);
			buildRules = (
			);
			dependencies = (
				6932418624F5763F00E83EDA /* PBXTargetDependency */,
			);
			name = ContactListTests;
			productName = ContactListTests;
			productReference = 6932418424F5763F00E83EDA /* ContactListTests.xctest */;
			productType = "com.apple.product-type.bundle.unit-test";
		};
		6932418E24F5763F00E83EDA /* ContactListUITests */ = {
			isa = PBXNativeTarget;
			buildConfigurationList = 6932419E24F5763F00E83EDA /* Build configuration list for PBXNativeTarget "ContactListUITests" */;
			buildPhases = (
				6932418B24F5763F00E83EDA /* Sources */,
				6932418C24F5763F00E83EDA /* Frameworks */,
				6932418D24F5763F00E83EDA /* Resources */,
			);
			buildRules = (
			);
			dependencies = (
				6932419124F5763F00E83EDA /* PBXTargetDependency */,
			);
			name = ContactListUITests;
			productName = ContactListUITests;
			productReference = 6932418F24F5763F00E83EDA /* ContactListUITests.xctest */;
			productType = "com.apple.product-type.bundle.ui-testing";
		};
/* End PBXNativeTarget section */

/* Begin PBXProject section */
		6932416624F5763800E83EDA /* Project object */ = {
			isa = PBXProject;
			attributes = {
				LastSwiftUpdateCheck = 1160;
				LastUpgradeCheck = 1160;
				ORGANIZATIONNAME = "Denis Abramov";
				TargetAttributes = {
					6932416D24F5763900E83EDA = {
						CreatedOnToolsVersion = 11.6;
					};
					6932418324F5763F00E83EDA = {
						CreatedOnToolsVersion = 11.6;
						TestTargetID = 6932416D24F5763900E83EDA;
					};
					6932418E24F5763F00E83EDA = {
						CreatedOnToolsVersion = 11.6;
						TestTargetID = 6932416D24F5763900E83EDA;
					};
				};
			};
			buildConfigurationList = 6932416924F5763800E83EDA /* Build configuration list for PBXProject "ContactList" */;
			compatibilityVersion = "Xcode 9.3";
			developmentRegion = en;
			hasScannedForEncodings = 0;
			knownRegions = (
				en,
				Base,
			);
			mainGroup = 6932416524F5763800E83EDA;
			productRefGroup = 6932416F24F5763900E83EDA /* Products */;
			projectDirPath = "";
			projectRoot = "";
			targets = (
				6932416D24F5763900E83EDA /* ContactList */,
				6932418324F5763F00E83EDA /* ContactListTests */,
				6932418E24F5763F00E83EDA /* ContactListUITests */,
			);
		};
/* End PBXProject section */

/* Begin PBXResourcesBuildPhase section */
		6932416C24F5763900E83EDA /* Resources */ = {
			isa = PBXResourcesBuildPhase;
			buildActionMask = 2147483647;
			files = (
				6932417E24F5763E00E83EDA /* LaunchScreen.storyboard in Resources */,
				6932417B24F5763E00E83EDA /* Assets.xcassets in Resources */,
				6932417924F5763900E83EDA /* Main.storyboard in Resources */,
			);
			runOnlyForDeploymentPostprocessing = 0;
		};
		6932418224F5763F00E83EDA /* Resources */ = {
			isa = PBXResourcesBuildPhase;
			buildActionMask = 2147483647;
			files = (
			);
			runOnlyForDeploymentPostprocessing = 0;
		};
		6932418D24F5763F00E83EDA /* Resources */ = {
			isa = PBXResourcesBuildPhase;
			buildActionMask = 2147483647;
			files = (
			);
			runOnlyForDeploymentPostprocessing = 0;
		};
/* End PBXResourcesBuildPhase section */

/* Begin PBXSourcesBuildPhase section */
		6932416A24F5763900E83EDA /* Sources */ = {
			isa = PBXSourcesBuildPhase;
			buildActionMask = 2147483647;
			files = (
				6932417624F5763900E83EDA /* ViewController.swift in Sources */,
				6932417224F5763900E83EDA /* AppDelegate.swift in Sources */,
				6932506524FB5FCC00F7F72B /* Person.swift in Sources */,
				6932417424F5763900E83EDA /* SceneDelegate.swift in Sources */,
			);
			runOnlyForDeploymentPostprocessing = 0;
		};
		6932418024F5763F00E83EDA /* Sources */ = {
			isa = PBXSourcesBuildPhase;
			buildActionMask = 2147483647;
			files = (
				6932506324FB5DD100F7F72B /* PersonTests.swift in Sources */,
				6932418924F5763F00E83EDA /* ContactListTests.swift in Sources */,
			);
			runOnlyForDeploymentPostprocessing = 0;
		};
		6932418B24F5763F00E83EDA /* Sources */ = {
			isa = PBXSourcesBuildPhase;
			buildActionMask = 2147483647;
			files = (
				6932419424F5763F00E83EDA /* ContactListUITests.swift in Sources */,
			);
			runOnlyForDeploymentPostprocessing = 0;
		};
/* End PBXSourcesBuildPhase section */

/* Begin PBXTargetDependency section */
		6932418624F5763F00E83EDA /* PBXTargetDependency */ = {
			isa = PBXTargetDependency;
			target = 6932416D24F5763900E83EDA /* ContactList */;
			targetProxy = 6932418524F5763F00E83EDA /* PBXContainerItemProxy */;
		};
		6932419124F5763F00E83EDA /* PBXTargetDependency */ = {
			isa = PBXTargetDependency;
			target = 6932416D24F5763900E83EDA /* ContactList */;
			targetProxy = 6932419024F5763F00E83EDA /* PBXContainerItemProxy */;
		};
/* End PBXTargetDependency section */

/* Begin PBXVariantGroup section */
		6932417724F5763900E83EDA /* Main.storyboard */ = {
			isa = PBXVariantGroup;
			children = (
				6932417824F5763900E83EDA /* Base */,
			);
			name = Main.storyboard;
			sourceTree = "<group>";
		};
		6932417C24F5763E00E83EDA /* LaunchScreen.storyboard */ = {
			isa = PBXVariantGroup;
			children = (
				6932417D24F5763E00E83EDA /* Base */,
			);
			name = LaunchScreen.storyboard;
			sourceTree = "<group>";
		};
/* End PBXVariantGroup section */

/* Begin XCBuildConfiguration section */
		6932419624F5763F00E83EDA /* Debug */ = {
			isa = XCBuildConfiguration;
			buildSettings = {
				ALWAYS_SEARCH_USER_PATHS = NO;
				CLANG_ANALYZER_NONNULL = YES;
				CLANG_ANALYZER_NUMBER_OBJECT_CONVERSION = YES_AGGRESSIVE;
				CLANG_CXX_LANGUAGE_STANDARD = "gnu++14";
				CLANG_CXX_LIBRARY = "libc++";
				CLANG_ENABLE_MODULES = YES;
				CLANG_ENABLE_OBJC_ARC = YES;
				CLANG_ENABLE_OBJC_WEAK = YES;
				CLANG_WARN_BLOCK_CAPTURE_AUTORELEASING = YES;
				CLANG_WARN_BOOL_CONVERSION = YES;
				CLANG_WARN_COMMA = YES;
				CLANG_WARN_CONSTANT_CONVERSION = YES;
				CLANG_WARN_DEPRECATED_OBJC_IMPLEMENTATIONS = YES;
				CLANG_WARN_DIRECT_OBJC_ISA_USAGE = YES_ERROR;
				CLANG_WARN_DOCUMENTATION_COMMENTS = YES;
				CLANG_WARN_EMPTY_BODY = YES;
				CLANG_WARN_ENUM_CONVERSION = YES;
				CLANG_WARN_INFINITE_RECURSION = YES;
				CLANG_WARN_INT_CONVERSION = YES;
				CLANG_WARN_NON_LITERAL_NULL_CONVERSION = YES;
				CLANG_WARN_OBJC_IMPLICIT_RETAIN_SELF = YES;
				CLANG_WARN_OBJC_LITERAL_CONVERSION = YES;
				CLANG_WARN_OBJC_ROOT_CLASS = YES_ERROR;
				CLANG_WARN_RANGE_LOOP_ANALYSIS = YES;
				CLANG_WARN_STRICT_PROTOTYPES = YES;
				CLANG_WARN_SUSPICIOUS_MOVE = YES;
				CLANG_WARN_UNGUARDED_AVAILABILITY = YES_AGGRESSIVE;
				CLANG_WARN_UNREACHABLE_CODE = YES;
				CLANG_WARN__DUPLICATE_METHOD_MATCH = YES;
				COPY_PHASE_STRIP = NO;
				DEBUG_INFORMATION_FORMAT = dwarf;
				ENABLE_STRICT_OBJC_MSGSEND = YES;
				ENABLE_TESTABILITY = YES;
				GCC_C_LANGUAGE_STANDARD = gnu11;
				GCC_DYNAMIC_NO_PIC = NO;
				GCC_NO_COMMON_BLOCKS = YES;
				GCC_OPTIMIZATION_LEVEL = 0;
				GCC_PREPROCESSOR_DEFINITIONS = (
					"DEBUG=1",
					"$(inherited)",
				);
				GCC_WARN_64_TO_32_BIT_CONVERSION = YES;
				GCC_WARN_ABOUT_RETURN_TYPE = YES_ERROR;
				GCC_WARN_UNDECLARED_SELECTOR = YES;
				GCC_WARN_UNINITIALIZED_AUTOS = YES_AGGRESSIVE;
				GCC_WARN_UNUSED_FUNCTION = YES;
				GCC_WARN_UNUSED_VARIABLE = YES;
				IPHONEOS_DEPLOYMENT_TARGET = 13.6;
				MTL_ENABLE_DEBUG_INFO = INCLUDE_SOURCE;
				MTL_FAST_MATH = YES;
				ONLY_ACTIVE_ARCH = YES;
				SDKROOT = iphoneos;
				SWIFT_ACTIVE_COMPILATION_CONDITIONS = DEBUG;
				SWIFT_OPTIMIZATION_LEVEL = "-Onone";
			};
			name = Debug;
		};
		6932419724F5763F00E83EDA /* Release */ = {
			isa = XCBuildConfiguration;
			buildSettings = {
				ALWAYS_SEARCH_USER_PATHS = NO;
				CLANG_ANALYZER_NONNULL = YES;
				CLANG_ANALYZER_NUMBER_OBJECT_CONVERSION = YES_AGGRESSIVE;
				CLANG_CXX_LANGUAGE_STANDARD = "gnu++14";
				CLANG_CXX_LIBRARY = "libc++";
				CLANG_ENABLE_MODULES = YES;
				CLANG_ENABLE_OBJC_ARC = YES;
				CLANG_ENABLE_OBJC_WEAK = YES;
				CLANG_WARN_BLOCK_CAPTURE_AUTORELEASING = YES;
				CLANG_WARN_BOOL_CONVERSION = YES;
				CLANG_WARN_COMMA = YES;
				CLANG_WARN_CONSTANT_CONVERSION = YES;
				CLANG_WARN_DEPRECATED_OBJC_IMPLEMENTATIONS = YES;
				CLANG_WARN_DIRECT_OBJC_ISA_USAGE = YES_ERROR;
				CLANG_WARN_DOCUMENTATION_COMMENTS = YES;
				CLANG_WARN_EMPTY_BODY = YES;
				CLANG_WARN_ENUM_CONVERSION = YES;
				CLANG_WARN_INFINITE_RECURSION = YES;
				CLANG_WARN_INT_CONVERSION = YES;
				CLANG_WARN_NON_LITERAL_NULL_CONVERSION = YES;
				CLANG_WARN_OBJC_IMPLICIT_RETAIN_SELF = YES;
				CLANG_WARN_OBJC_LITERAL_CONVERSION = YES;
				CLANG_WARN_OBJC_ROOT_CLASS = YES_ERROR;
				CLANG_WARN_RANGE_LOOP_ANALYSIS = YES;
				CLANG_WARN_STRICT_PROTOTYPES = YES;
				CLANG_WARN_SUSPICIOUS_MOVE = YES;
				CLANG_WARN_UNGUARDED_AVAILABILITY = YES_AGGRESSIVE;
				CLANG_WARN_UNREACHABLE_CODE = YES;
				CLANG_WARN__DUPLICATE_METHOD_MATCH = YES;
				COPY_PHASE_STRIP = NO;
				DEBUG_INFORMATION_FORMAT = "dwarf-with-dsym";
				ENABLE_NS_ASSERTIONS = NO;
				ENABLE_STRICT_OBJC_MSGSEND = YES;
				GCC_C_LANGUAGE_STANDARD = gnu11;
				GCC_NO_COMMON_BLOCKS = YES;
				GCC_WARN_64_TO_32_BIT_CONVERSION = YES;
				GCC_WARN_ABOUT_RETURN_TYPE = YES_ERROR;
				GCC_WARN_UNDECLARED_SELECTOR = YES;
				GCC_WARN_UNINITIALIZED_AUTOS = YES_AGGRESSIVE;
				GCC_WARN_UNUSED_FUNCTION = YES;
				GCC_WARN_UNUSED_VARIABLE = YES;
				IPHONEOS_DEPLOYMENT_TARGET = 13.6;
				MTL_ENABLE_DEBUG_INFO = NO;
				MTL_FAST_MATH = YES;
				SDKROOT = iphoneos;
				SWIFT_COMPILATION_MODE = wholemodule;
				SWIFT_OPTIMIZATION_LEVEL = "-O";
				VALIDATE_PRODUCT = YES;
			};
			name = Release;
		};
		6932419924F5763F00E83EDA /* Debug */ = {
			isa = XCBuildConfiguration;
			buildSettings = {
				ASSETCATALOG_COMPILER_APPICON_NAME = AppIcon;
				CODE_SIGN_STYLE = Automatic;
				DEVELOPMENT_TEAM = XJN9TW8RPS;
				INFOPLIST_FILE = "$(SRCROOT)/ContactList/Supports/Info.plist";
				LD_RUNPATH_SEARCH_PATHS = (
					"$(inherited)",
					"@executable_path/Frameworks",
				);
				PRODUCT_BUNDLE_IDENTIFIER = "Denis-Abramov.ContactList";
				PRODUCT_NAME = "$(TARGET_NAME)";
				SWIFT_VERSION = 5.0;
				TARGETED_DEVICE_FAMILY = "1,2";
			};
			name = Debug;
		};
		6932419A24F5763F00E83EDA /* Release */ = {
			isa = XCBuildConfiguration;
			buildSettings = {
				ASSETCATALOG_COMPILER_APPICON_NAME = AppIcon;
				CODE_SIGN_STYLE = Automatic;
				DEVELOPMENT_TEAM = XJN9TW8RPS;
				INFOPLIST_FILE = "$(SRCROOT)/ContactList/Supports/Info.plist";
				LD_RUNPATH_SEARCH_PATHS = (
					"$(inherited)",
					"@executable_path/Frameworks",
				);
				PRODUCT_BUNDLE_IDENTIFIER = "Denis-Abramov.ContactList";
				PRODUCT_NAME = "$(TARGET_NAME)";
				SWIFT_VERSION = 5.0;
				TARGETED_DEVICE_FAMILY = "1,2";
			};
			name = Release;
		};
		6932419C24F5763F00E83EDA /* Debug */ = {
			isa = XCBuildConfiguration;
			buildSettings = {
				ALWAYS_EMBED_SWIFT_STANDARD_LIBRARIES = YES;
				BUNDLE_LOADER = "$(TEST_HOST)";
				CODE_SIGN_STYLE = Automatic;
				DEVELOPMENT_TEAM = XJN9TW8RPS;
				INFOPLIST_FILE = ContactListTests/Supports/Info.plist;
				IPHONEOS_DEPLOYMENT_TARGET = 13.6;
				LD_RUNPATH_SEARCH_PATHS = (
					"$(inherited)",
					"@executable_path/Frameworks",
					"@loader_path/Frameworks",
				);
				PRODUCT_BUNDLE_IDENTIFIER = "Denis-Abramov.ContactListTests";
				PRODUCT_NAME = "$(TARGET_NAME)";
				SWIFT_VERSION = 5.0;
				TARGETED_DEVICE_FAMILY = "1,2";
				TEST_HOST = "$(BUILT_PRODUCTS_DIR)/ContactList.app/ContactList";
			};
			name = Debug;
		};
		6932419D24F5763F00E83EDA /* Release */ = {
			isa = XCBuildConfiguration;
			buildSettings = {
				ALWAYS_EMBED_SWIFT_STANDARD_LIBRARIES = YES;
				BUNDLE_LOADER = "$(TEST_HOST)";
				CODE_SIGN_STYLE = Automatic;
				DEVELOPMENT_TEAM = XJN9TW8RPS;
				INFOPLIST_FILE = ContactListTests/Supports/Info.plist;
				IPHONEOS_DEPLOYMENT_TARGET = 13.6;
				LD_RUNPATH_SEARCH_PATHS = (
					"$(inherited)",
					"@executable_path/Frameworks",
					"@loader_path/Frameworks",
				);
				PRODUCT_BUNDLE_IDENTIFIER = "Denis-Abramov.ContactListTests";
				PRODUCT_NAME = "$(TARGET_NAME)";
				SWIFT_VERSION = 5.0;
				TARGETED_DEVICE_FAMILY = "1,2";
				TEST_HOST = "$(BUILT_PRODUCTS_DIR)/ContactList.app/ContactList";
			};
			name = Release;
		};
		6932419F24F5763F00E83EDA /* Debug */ = {
			isa = XCBuildConfiguration;
			buildSettings = {
				ALWAYS_EMBED_SWIFT_STANDARD_LIBRARIES = YES;
				CODE_SIGN_STYLE = Automatic;
				DEVELOPMENT_TEAM = XJN9TW8RPS;
				INFOPLIST_FILE = ContactListUITests/Supports/Info.plist;
				LD_RUNPATH_SEARCH_PATHS = (
					"$(inherited)",
					"@executable_path/Frameworks",
					"@loader_path/Frameworks",
				);
				PRODUCT_BUNDLE_IDENTIFIER = "Denis-Abramov.ContactListUITests";
				PRODUCT_NAME = "$(TARGET_NAME)";
				SWIFT_VERSION = 5.0;
				TARGETED_DEVICE_FAMILY = "1,2";
				TEST_TARGET_NAME = ContactList;
			};
			name = Debug;
		};
		693241A024F5763F00E83EDA /* Release */ = {
			isa = XCBuildConfiguration;
			buildSettings = {
				ALWAYS_EMBED_SWIFT_STANDARD_LIBRARIES = YES;
				CODE_SIGN_STYLE = Automatic;
				DEVELOPMENT_TEAM = XJN9TW8RPS;
				INFOPLIST_FILE = ContactListUITests/Supports/Info.plist;
				LD_RUNPATH_SEARCH_PATHS = (
					"$(inherited)",
					"@executable_path/Frameworks",
					"@loader_path/Frameworks",
				);
				PRODUCT_BUNDLE_IDENTIFIER = "Denis-Abramov.ContactListUITests";
				PRODUCT_NAME = "$(TARGET_NAME)";
				SWIFT_VERSION = 5.0;
				TARGETED_DEVICE_FAMILY = "1,2";
				TEST_TARGET_NAME = ContactList;
			};
			name = Release;
		};
/* End XCBuildConfiguration section */

/* Begin XCConfigurationList section */
		6932416924F5763800E83EDA /* Build configuration list for PBXProject "ContactList" */ = {
			isa = XCConfigurationList;
			buildConfigurations = (
				6932419624F5763F00E83EDA /* Debug */,
				6932419724F5763F00E83EDA /* Release */,
			);
			defaultConfigurationIsVisible = 0;
			defaultConfigurationName = Release;
		};
		6932419824F5763F00E83EDA /* Build configuration list for PBXNativeTarget "ContactList" */ = {
			isa = XCConfigurationList;
			buildConfigurations = (
				6932419924F5763F00E83EDA /* Debug */,
				6932419A24F5763F00E83EDA /* Release */,
			);
			defaultConfigurationIsVisible = 0;
			defaultConfigurationName = Release;
		};
		6932419B24F5763F00E83EDA /* Build configuration list for PBXNativeTarget "ContactListTests" */ = {
			isa = XCConfigurationList;
			buildConfigurations = (
				6932419C24F5763F00E83EDA /* Debug */,
				6932419D24F5763F00E83EDA /* Release */,
			);
			defaultConfigurationIsVisible = 0;
			defaultConfigurationName = Release;
		};
		6932419E24F5763F00E83EDA /* Build configuration list for PBXNativeTarget "ContactListUITests" */ = {
			isa = XCConfigurationList;
			buildConfigurations = (
				6932419F24F5763F00E83EDA /* Debug */,
				693241A024F5763F00E83EDA /* Release */,
			);
			defaultConfigurationIsVisible = 0;
			defaultConfigurationName = Release;
		};
/* End XCConfigurationList section */
	};
	rootObject = 6932416624F5763800E83EDA /* Project object */;
}
